github.com/LuckyLuF/banking v0.0.0-20230928120357-16e8d6186608 h1:4R3YRDyn9/7wBdS4b4DMYxRxOU12VUBQ1uXLA6BzXzc=
github.com/LuckyLuF/banking v0.0.0-20230928120357-16e8d6186608/go.mod h1:dVw2cJRNCVOdarm9lgwCER/h2/7S0OnXw8N4brF5ifU=
github.com/LuckyLuF/banking v0.0.0-20230928120846-8f15c2020c3b h1:/cvGjbYUnFsf1+ZfLXOyI9DkUVxNh/Do3hV7OLu9t0s=
github.com/LuckyLuF/banking v0.0.0-20230928120846-8f15c2020c3b/go.mod h1:dVw2cJRNCVOdarm9lgwCER/h2/7S0OnXw8N4brF5ifU=
